// !$*UTF8*$!
{
	archiveVersion = 1;
	classes = {
	};
	objectVersion = 56;
	objects = {

/* Begin PBXBuildFile section */
		6011252C2AC36CA700BB60DD /* ProfileViewController.swift in Sources */ = {isa = PBXBuildFile; fileRef = 6011252B2AC36CA700BB60DD /* ProfileViewController.swift */; };
		6039B2FF2AA2197600B66AB4 /* UIColorExtension.swift in Sources */ = {isa = PBXBuildFile; fileRef = 6039B2FE2AA2197600B66AB4 /* UIColorExtension.swift */; };
		604E30912B02785400D388F7 /* Constants.swift in Sources */ = {isa = PBXBuildFile; fileRef = 604E30902B02785400D388F7 /* Constants.swift */; };
		605447B22AAE601E00D30B72 /* ImagesListCell.swift in Sources */ = {isa = PBXBuildFile; fileRef = 605447B12AAE601E00D30B72 /* ImagesListCell.swift */; };
		60624EDD2B55DE91001A26D2 /* OAuth2Service.swift in Sources */ = {isa = PBXBuildFile; fileRef = 60624EDC2B55DE91001A26D2 /* OAuth2Service.swift */; };
		60624EE02B56FBBD001A26D2 /* OAuthTokenStorage.swift in Sources */ = {isa = PBXBuildFile; fileRef = 60624EDF2B56FBBD001A26D2 /* OAuthTokenStorage.swift */; };
		608BAD782B5B27FE0080D149 /* SplashViewController.swift in Sources */ = {isa = PBXBuildFile; fileRef = 608BAD772B5B27FE0080D149 /* SplashViewController.swift */; };
		609A16852A9C8A8E00139CAA /* AppDelegate.swift in Sources */ = {isa = PBXBuildFile; fileRef = 609A16842A9C8A8E00139CAA /* AppDelegate.swift */; };
		609A16872A9C8A8E00139CAA /* SceneDelegate.swift in Sources */ = {isa = PBXBuildFile; fileRef = 609A16862A9C8A8E00139CAA /* SceneDelegate.swift */; };
		609A16892A9C8A8E00139CAA /* ImagesListViewController.swift in Sources */ = {isa = PBXBuildFile; fileRef = 609A16882A9C8A8E00139CAA /* ImagesListViewController.swift */; };
		609A168C2A9C8A8E00139CAA /* Main.storyboard in Resources */ = {isa = PBXBuildFile; fileRef = 609A168A2A9C8A8E00139CAA /* Main.storyboard */; };
		609A168E2A9C8A9000139CAA /* Assets.xcassets in Resources */ = {isa = PBXBuildFile; fileRef = 609A168D2A9C8A9000139CAA /* Assets.xcassets */; };
		609A16912A9C8A9000139CAA /* LaunchScreen.storyboard in Resources */ = {isa = PBXBuildFile; fileRef = 609A168F2A9C8A9000139CAA /* LaunchScreen.storyboard */; };
		609A169C2A9C8A9000139CAA /* ImageFeedTests.swift in Sources */ = {isa = PBXBuildFile; fileRef = 609A169B2A9C8A9000139CAA /* ImageFeedTests.swift */; };
		609A16A62A9C8A9000139CAA /* ImageFeedUITests.swift in Sources */ = {isa = PBXBuildFile; fileRef = 609A16A52A9C8A9000139CAA /* ImageFeedUITests.swift */; };
		609A16A82A9C8A9000139CAA /* ImageFeedUITestsLaunchTests.swift in Sources */ = {isa = PBXBuildFile; fileRef = 609A16A72A9C8A9000139CAA /* ImageFeedUITestsLaunchTests.swift */; };
		60E3DA292B3A292600EC56E4 /* AuthViewController.swift in Sources */ = {isa = PBXBuildFile; fileRef = 60E3DA282B3A292600EC56E4 /* AuthViewController.swift */; };
		60E3DA2B2B3A2EB700EC56E4 /* WebViewViewController.swift in Sources */ = {isa = PBXBuildFile; fileRef = 60E3DA2A2B3A2EB700EC56E4 /* WebViewViewController.swift */; };
		60F371502AD2F0B50023BDF9 /* SingleImageViewController.swift in Sources */ = {isa = PBXBuildFile; fileRef = 60F3714F2AD2F0B50023BDF9 /* SingleImageViewController.swift */; };
/* End PBXBuildFile section */

/* Begin PBXContainerItemProxy section */
		609A16982A9C8A9000139CAA /* PBXContainerItemProxy */ = {
			isa = PBXContainerItemProxy;
			containerPortal = 609A16792A9C8A8E00139CAA /* Project object */;
			proxyType = 1;
			remoteGlobalIDString = 609A16802A9C8A8E00139CAA;
			remoteInfo = ImageFeed;
		};
		609A16A22A9C8A9000139CAA /* PBXContainerItemProxy */ = {
			isa = PBXContainerItemProxy;
			containerPortal = 609A16792A9C8A8E00139CAA /* Project object */;
			proxyType = 1;
			remoteGlobalIDString = 609A16802A9C8A8E00139CAA;
			remoteInfo = ImageFeed;
		};
/* End PBXContainerItemProxy section */

/* Begin PBXFileReference section */
		6011252B2AC36CA700BB60DD /* ProfileViewController.swift */ = {isa = PBXFileReference; lastKnownFileType = sourcecode.swift; path = ProfileViewController.swift; sourceTree = "<group>"; };
		6039B2FE2AA2197600B66AB4 /* UIColorExtension.swift */ = {isa = PBXFileReference; lastKnownFileType = sourcecode.swift; path = UIColorExtension.swift; sourceTree = "<group>"; };
		604E30902B02785400D388F7 /* Constants.swift */ = {isa = PBXFileReference; lastKnownFileType = sourcecode.swift; path = Constants.swift; sourceTree = "<group>"; };
		605447B12AAE601E00D30B72 /* ImagesListCell.swift */ = {isa = PBXFileReference; lastKnownFileType = sourcecode.swift; path = ImagesListCell.swift; sourceTree = "<group>"; };
		60624EDC2B55DE91001A26D2 /* OAuth2Service.swift */ = {isa = PBXFileReference; lastKnownFileType = sourcecode.swift; path = OAuth2Service.swift; sourceTree = "<group>"; };
		60624EDF2B56FBBD001A26D2 /* OAuthTokenStorage.swift */ = {isa = PBXFileReference; lastKnownFileType = sourcecode.swift; path = OAuthTokenStorage.swift; sourceTree = "<group>"; };
		608BAD772B5B27FE0080D149 /* SplashViewController.swift */ = {isa = PBXFileReference; lastKnownFileType = sourcecode.swift; path = SplashViewController.swift; sourceTree = "<group>"; };
		609A16812A9C8A8E00139CAA /* ImageFeed.app */ = {isa = PBXFileReference; explicitFileType = wrapper.application; includeInIndex = 0; path = ImageFeed.app; sourceTree = BUILT_PRODUCTS_DIR; };
		609A16842A9C8A8E00139CAA /* AppDelegate.swift */ = {isa = PBXFileReference; lastKnownFileType = sourcecode.swift; path = AppDelegate.swift; sourceTree = "<group>"; };
		609A16862A9C8A8E00139CAA /* SceneDelegate.swift */ = {isa = PBXFileReference; lastKnownFileType = sourcecode.swift; path = SceneDelegate.swift; sourceTree = "<group>"; };
		609A16882A9C8A8E00139CAA /* ImagesListViewController.swift */ = {isa = PBXFileReference; lastKnownFileType = sourcecode.swift; path = ImagesListViewController.swift; sourceTree = "<group>"; };
		609A168B2A9C8A8E00139CAA /* Base */ = {isa = PBXFileReference; lastKnownFileType = file.storyboard; name = Base; path = Base.lproj/Main.storyboard; sourceTree = "<group>"; };
		609A168D2A9C8A9000139CAA /* Assets.xcassets */ = {isa = PBXFileReference; lastKnownFileType = folder.assetcatalog; path = Assets.xcassets; sourceTree = "<group>"; };
		609A16902A9C8A9000139CAA /* Base */ = {isa = PBXFileReference; lastKnownFileType = file.storyboard; name = Base; path = Base.lproj/LaunchScreen.storyboard; sourceTree = "<group>"; };
		609A16922A9C8A9000139CAA /* Info.plist */ = {isa = PBXFileReference; lastKnownFileType = text.plist.xml; path = Info.plist; sourceTree = "<group>"; };
		609A16972A9C8A9000139CAA /* ImageFeedTests.xctest */ = {isa = PBXFileReference; explicitFileType = wrapper.cfbundle; includeInIndex = 0; path = ImageFeedTests.xctest; sourceTree = BUILT_PRODUCTS_DIR; };
		609A169B2A9C8A9000139CAA /* ImageFeedTests.swift */ = {isa = PBXFileReference; lastKnownFileType = sourcecode.swift; path = ImageFeedTests.swift; sourceTree = "<group>"; };
		609A16A12A9C8A9000139CAA /* ImageFeedUITests.xctest */ = {isa = PBXFileReference; explicitFileType = wrapper.cfbundle; includeInIndex = 0; path = ImageFeedUITests.xctest; sourceTree = BUILT_PRODUCTS_DIR; };
		609A16A52A9C8A9000139CAA /* ImageFeedUITests.swift */ = {isa = PBXFileReference; lastKnownFileType = sourcecode.swift; path = ImageFeedUITests.swift; sourceTree = "<group>"; };
		609A16A72A9C8A9000139CAA /* ImageFeedUITestsLaunchTests.swift */ = {isa = PBXFileReference; lastKnownFileType = sourcecode.swift; path = ImageFeedUITestsLaunchTests.swift; sourceTree = "<group>"; };
		60E3DA282B3A292600EC56E4 /* AuthViewController.swift */ = {isa = PBXFileReference; lastKnownFileType = sourcecode.swift; path = AuthViewController.swift; sourceTree = "<group>"; };
		60E3DA2A2B3A2EB700EC56E4 /* WebViewViewController.swift */ = {isa = PBXFileReference; lastKnownFileType = sourcecode.swift; path = WebViewViewController.swift; sourceTree = "<group>"; };
		60F3714F2AD2F0B50023BDF9 /* SingleImageViewController.swift */ = {isa = PBXFileReference; lastKnownFileType = sourcecode.swift; path = SingleImageViewController.swift; sourceTree = "<group>"; };
/* End PBXFileReference section */

/* Begin PBXFrameworksBuildPhase section */
		609A167E2A9C8A8E00139CAA /* Frameworks */ = {
			isa = PBXFrameworksBuildPhase;
			buildActionMask = 2147483647;
			files = (
			);
			runOnlyForDeploymentPostprocessing = 0;
		};
		609A16942A9C8A9000139CAA /* Frameworks */ = {
			isa = PBXFrameworksBuildPhase;
			buildActionMask = 2147483647;
			files = (
			);
			runOnlyForDeploymentPostprocessing = 0;
		};
		609A169E2A9C8A9000139CAA /* Frameworks */ = {
			isa = PBXFrameworksBuildPhase;
			buildActionMask = 2147483647;
			files = (
			);
			runOnlyForDeploymentPostprocessing = 0;
		};
/* End PBXFrameworksBuildPhase section */

/* Begin PBXGroup section */
		6039B2FD2AA1F79F00B66AB4 /* Resources */ = {
			isa = PBXGroup;
			children = (
				609A168D2A9C8A9000139CAA /* Assets.xcassets */,
				609A16922A9C8A9000139CAA /* Info.plist */,
				609A168F2A9C8A9000139CAA /* LaunchScreen.storyboard */,
				6039B2FE2AA2197600B66AB4 /* UIColorExtension.swift */,
			);
			path = Resources;
			sourceTree = "<group>";
		};
		605447B32AAE605B00D30B72 /* ImagesList */ = {
			isa = PBXGroup;
			children = (
				609A16882A9C8A8E00139CAA /* ImagesListViewController.swift */,
				605447B12AAE601E00D30B72 /* ImagesListCell.swift */,
			);
			path = ImagesList;
			sourceTree = "<group>";
		};
		60624EDE2B56FAB8001A26D2 /* OAuth */ = {
			isa = PBXGroup;
			children = (
				60624EDC2B55DE91001A26D2 /* OAuth2Service.swift */,
				60624EDF2B56FBBD001A26D2 /* OAuthTokenStorage.swift */,
			);
			path = OAuth;
			sourceTree = "<group>";
		};
		608BAD762B5B27DD0080D149 /* SplashViewController */ = {
			isa = PBXGroup;
			children = (
				608BAD772B5B27FE0080D149 /* SplashViewController.swift */,
			);
			path = SplashViewController;
			sourceTree = "<group>";
		};
		609A16782A9C8A8E00139CAA = {
			isa = PBXGroup;
			children = (
				609A16832A9C8A8E00139CAA /* ImageFeed */,
				609A169A2A9C8A9000139CAA /* ImageFeedTests */,
				609A16A42A9C8A9000139CAA /* ImageFeedUITests */,
				609A16822A9C8A8E00139CAA /* Products */,
			);
			sourceTree = "<group>";
		};
		609A16822A9C8A8E00139CAA /* Products */ = {
			isa = PBXGroup;
			children = (
				609A16812A9C8A8E00139CAA /* ImageFeed.app */,
				609A16972A9C8A9000139CAA /* ImageFeedTests.xctest */,
				609A16A12A9C8A9000139CAA /* ImageFeedUITests.xctest */,
			);
			name = Products;
			sourceTree = "<group>";
		};
		609A16832A9C8A8E00139CAA /* ImageFeed */ = {
			isa = PBXGroup;
			children = (
				609A16842A9C8A8E00139CAA /* AppDelegate.swift */,
				604E30902B02785400D388F7 /* Constants.swift */,
				609A16862A9C8A8E00139CAA /* SceneDelegate.swift */,
				60E3DA272B3A290E00EC56E4 /* Auth */,
				605447B32AAE605B00D30B72 /* ImagesList */,
				609A168A2A9C8A8E00139CAA /* Main.storyboard */,
				60624EDE2B56FAB8001A26D2 /* OAuth */,
				60E3DA262B3A28E600EC56E4 /* ProfileView */,
				6039B2FD2AA1F79F00B66AB4 /* Resources */,
				60E3DA242B3A288500EC56E4 /* SingleImageView */,
				608BAD762B5B27DD0080D149 /* SplashViewController */,
			);
			path = ImageFeed;
			sourceTree = "<group>";
		};
		609A169A2A9C8A9000139CAA /* ImageFeedTests */ = {
			isa = PBXGroup;
			children = (
				609A169B2A9C8A9000139CAA /* ImageFeedTests.swift */,
			);
			path = ImageFeedTests;
			sourceTree = "<group>";
		};
		609A16A42A9C8A9000139CAA /* ImageFeedUITests */ = {
			isa = PBXGroup;
			children = (
				609A16A52A9C8A9000139CAA /* ImageFeedUITests.swift */,
				609A16A72A9C8A9000139CAA /* ImageFeedUITestsLaunchTests.swift */,
			);
			path = ImageFeedUITests;
			sourceTree = "<group>";
		};
		60E3DA242B3A288500EC56E4 /* SingleImageView */ = {
			isa = PBXGroup;
			children = (
				60F3714F2AD2F0B50023BDF9 /* SingleImageViewController.swift */,
			);
			path = SingleImageView;
			sourceTree = "<group>";
		};
		60E3DA262B3A28E600EC56E4 /* ProfileView */ = {
			isa = PBXGroup;
			children = (
				6011252B2AC36CA700BB60DD /* ProfileViewController.swift */,
			);
			path = ProfileView;
			sourceTree = "<group>";
		};
		60E3DA272B3A290E00EC56E4 /* Auth */ = {
			isa = PBXGroup;
			children = (
				60E3DA282B3A292600EC56E4 /* AuthViewController.swift */,
				60E3DA2A2B3A2EB700EC56E4 /* WebViewViewController.swift */,
			);
			path = Auth;
			sourceTree = "<group>";
		};
/* End PBXGroup section */

/* Begin PBXNativeTarget section */
		609A16802A9C8A8E00139CAA /* ImageFeed */ = {
			isa = PBXNativeTarget;
			buildConfigurationList = 609A16AB2A9C8A9000139CAA /* Build configuration list for PBXNativeTarget "ImageFeed" */;
			buildPhases = (
				609A167D2A9C8A8E00139CAA /* Sources */,
				609A167E2A9C8A8E00139CAA /* Frameworks */,
				609A167F2A9C8A8E00139CAA /* Resources */,
			);
			buildRules = (
			);
			dependencies = (
			);
			name = ImageFeed;
			productName = ImageFeed;
			productReference = 609A16812A9C8A8E00139CAA /* ImageFeed.app */;
			productType = "com.apple.product-type.application";
		};
		609A16962A9C8A9000139CAA /* ImageFeedTests */ = {
			isa = PBXNativeTarget;
			buildConfigurationList = 609A16AE2A9C8A9000139CAA /* Build configuration list for PBXNativeTarget "ImageFeedTests" */;
			buildPhases = (
				609A16932A9C8A9000139CAA /* Sources */,
				609A16942A9C8A9000139CAA /* Frameworks */,
				609A16952A9C8A9000139CAA /* Resources */,
			);
			buildRules = (
			);
			dependencies = (
				609A16992A9C8A9000139CAA /* PBXTargetDependency */,
			);
			name = ImageFeedTests;
			productName = ImageFeedTests;
			productReference = 609A16972A9C8A9000139CAA /* ImageFeedTests.xctest */;
			productType = "com.apple.product-type.bundle.unit-test";
		};
		609A16A02A9C8A9000139CAA /* ImageFeedUITests */ = {
			isa = PBXNativeTarget;
			buildConfigurationList = 609A16B12A9C8A9000139CAA /* Build configuration list for PBXNativeTarget "ImageFeedUITests" */;
			buildPhases = (
				609A169D2A9C8A9000139CAA /* Sources */,
				609A169E2A9C8A9000139CAA /* Frameworks */,
				609A169F2A9C8A9000139CAA /* Resources */,
			);
			buildRules = (
			);
			dependencies = (
				609A16A32A9C8A9000139CAA /* PBXTargetDependency */,
			);
			name = ImageFeedUITests;
			productName = ImageFeedUITests;
			productReference = 609A16A12A9C8A9000139CAA /* ImageFeedUITests.xctest */;
			productType = "com.apple.product-type.bundle.ui-testing";
		};
/* End PBXNativeTarget section */

/* Begin PBXProject section */
		609A16792A9C8A8E00139CAA /* Project object */ = {
			isa = PBXProject;
			attributes = {
				BuildIndependentTargetsInParallel = 1;
				LastSwiftUpdateCheck = 1420;
				LastUpgradeCheck = 1420;
				TargetAttributes = {
					609A16802A9C8A8E00139CAA = {
						CreatedOnToolsVersion = 14.2;
					};
					609A16962A9C8A9000139CAA = {
						CreatedOnToolsVersion = 14.2;
						TestTargetID = 609A16802A9C8A8E00139CAA;
					};
					609A16A02A9C8A9000139CAA = {
						CreatedOnToolsVersion = 14.2;
						TestTargetID = 609A16802A9C8A8E00139CAA;
					};
				};
			};
			buildConfigurationList = 609A167C2A9C8A8E00139CAA /* Build configuration list for PBXProject "ImageFeed" */;
			compatibilityVersion = "Xcode 14.0";
			developmentRegion = en;
			hasScannedForEncodings = 0;
			knownRegions = (
				en,
				Base,
			);
			mainGroup = 609A16782A9C8A8E00139CAA;
			productRefGroup = 609A16822A9C8A8E00139CAA /* Products */;
			projectDirPath = "";
			projectRoot = "";
			targets = (
				609A16802A9C8A8E00139CAA /* ImageFeed */,
				609A16962A9C8A9000139CAA /* ImageFeedTests */,
				609A16A02A9C8A9000139CAA /* ImageFeedUITests */,
			);
		};
/* End PBXProject section */

/* Begin PBXResourcesBuildPhase section */
		609A167F2A9C8A8E00139CAA /* Resources */ = {
			isa = PBXResourcesBuildPhase;
			buildActionMask = 2147483647;
			files = (
				609A16912A9C8A9000139CAA /* LaunchScreen.storyboard in Resources */,
				609A168E2A9C8A9000139CAA /* Assets.xcassets in Resources */,
				609A168C2A9C8A8E00139CAA /* Main.storyboard in Resources */,
			);
			runOnlyForDeploymentPostprocessing = 0;
		};
		609A16952A9C8A9000139CAA /* Resources */ = {
			isa = PBXResourcesBuildPhase;
			buildActionMask = 2147483647;
			files = (
			);
			runOnlyForDeploymentPostprocessing = 0;
		};
		609A169F2A9C8A9000139CAA /* Resources */ = {
			isa = PBXResourcesBuildPhase;
			buildActionMask = 2147483647;
			files = (
			);
			runOnlyForDeploymentPostprocessing = 0;
		};
/* End PBXResourcesBuildPhase section */

/* Begin PBXSourcesBuildPhase section */
		609A167D2A9C8A8E00139CAA /* Sources */ = {
			isa = PBXSourcesBuildPhase;
			buildActionMask = 2147483647;
			files = (
				60E3DA2B2B3A2EB700EC56E4 /* WebViewViewController.swift in Sources */,
				60624EE02B56FBBD001A26D2 /* OAuthTokenStorage.swift in Sources */,
				6011252C2AC36CA700BB60DD /* ProfileViewController.swift in Sources */,
				609A16892A9C8A8E00139CAA /* ImagesListViewController.swift in Sources */,
				605447B22AAE601E00D30B72 /* ImagesListCell.swift in Sources */,
				60624EDD2B55DE91001A26D2 /* OAuth2Service.swift in Sources */,
				608BAD782B5B27FE0080D149 /* SplashViewController.swift in Sources */,
				60F371502AD2F0B50023BDF9 /* SingleImageViewController.swift in Sources */,
				6039B2FF2AA2197600B66AB4 /* UIColorExtension.swift in Sources */,
				609A16852A9C8A8E00139CAA /* AppDelegate.swift in Sources */,
				609A16872A9C8A8E00139CAA /* SceneDelegate.swift in Sources */,
				60E3DA292B3A292600EC56E4 /* AuthViewController.swift in Sources */,
				604E30912B02785400D388F7 /* Constants.swift in Sources */,
			);
			runOnlyForDeploymentPostprocessing = 0;
		};
		609A16932A9C8A9000139CAA /* Sources */ = {
			isa = PBXSourcesBuildPhase;
			buildActionMask = 2147483647;
			files = (
				609A169C2A9C8A9000139CAA /* ImageFeedTests.swift in Sources */,
			);
			runOnlyForDeploymentPostprocessing = 0;
		};
		609A169D2A9C8A9000139CAA /* Sources */ = {
			isa = PBXSourcesBuildPhase;
			buildActionMask = 2147483647;
			files = (
				609A16A82A9C8A9000139CAA /* ImageFeedUITestsLaunchTests.swift in Sources */,
				609A16A62A9C8A9000139CAA /* ImageFeedUITests.swift in Sources */,
			);
			runOnlyForDeploymentPostprocessing = 0;
		};
/* End PBXSourcesBuildPhase section */

/* Begin PBXTargetDependency section */
		609A16992A9C8A9000139CAA /* PBXTargetDependency */ = {
			isa = PBXTargetDependency;
			target = 609A16802A9C8A8E00139CAA /* ImageFeed */;
			targetProxy = 609A16982A9C8A9000139CAA /* PBXContainerItemProxy */;
		};
		609A16A32A9C8A9000139CAA /* PBXTargetDependency */ = {
			isa = PBXTargetDependency;
			target = 609A16802A9C8A8E00139CAA /* ImageFeed */;
			targetProxy = 609A16A22A9C8A9000139CAA /* PBXContainerItemProxy */;
		};
/* End PBXTargetDependency section */

/* Begin PBXVariantGroup section */
		609A168A2A9C8A8E00139CAA /* Main.storyboard */ = {
			isa = PBXVariantGroup;
			children = (
				609A168B2A9C8A8E00139CAA /* Base */,
			);
			name = Main.storyboard;
			sourceTree = "<group>";
		};
		609A168F2A9C8A9000139CAA /* LaunchScreen.storyboard */ = {
			isa = PBXVariantGroup;
			children = (
				609A16902A9C8A9000139CAA /* Base */,
			);
			name = LaunchScreen.storyboard;
			sourceTree = "<group>";
		};
/* End PBXVariantGroup section */

/* Begin XCBuildConfiguration section */
		609A16A92A9C8A9000139CAA /* Debug */ = {
			isa = XCBuildConfiguration;
			buildSettings = {
				ALWAYS_SEARCH_USER_PATHS = NO;
				CLANG_ANALYZER_NONNULL = YES;
				CLANG_ANALYZER_NUMBER_OBJECT_CONVERSION = YES_AGGRESSIVE;
				CLANG_CXX_LANGUAGE_STANDARD = "gnu++20";
				CLANG_ENABLE_MODULES = YES;
				CLANG_ENABLE_OBJC_ARC = YES;
				CLANG_ENABLE_OBJC_WEAK = YES;
				CLANG_WARN_BLOCK_CAPTURE_AUTORELEASING = YES;
				CLANG_WARN_BOOL_CONVERSION = YES;
				CLANG_WARN_COMMA = YES;
				CLANG_WARN_CONSTANT_CONVERSION = YES;
				CLANG_WARN_DEPRECATED_OBJC_IMPLEMENTATIONS = YES;
				CLANG_WARN_DIRECT_OBJC_ISA_USAGE = YES_ERROR;
				CLANG_WARN_DOCUMENTATION_COMMENTS = YES;
				CLANG_WARN_EMPTY_BODY = YES;
				CLANG_WARN_ENUM_CONVERSION = YES;
				CLANG_WARN_INFINITE_RECURSION = YES;
				CLANG_WARN_INT_CONVERSION = YES;
				CLANG_WARN_NON_LITERAL_NULL_CONVERSION = YES;
				CLANG_WARN_OBJC_IMPLICIT_RETAIN_SELF = YES;
				CLANG_WARN_OBJC_LITERAL_CONVERSION = YES;
				CLANG_WARN_OBJC_ROOT_CLASS = YES_ERROR;
				CLANG_WARN_QUOTED_INCLUDE_IN_FRAMEWORK_HEADER = YES;
				CLANG_WARN_RANGE_LOOP_ANALYSIS = YES;
				CLANG_WARN_STRICT_PROTOTYPES = YES;
				CLANG_WARN_SUSPICIOUS_MOVE = YES;
				CLANG_WARN_UNGUARDED_AVAILABILITY = YES_AGGRESSIVE;
				CLANG_WARN_UNREACHABLE_CODE = YES;
				CLANG_WARN__DUPLICATE_METHOD_MATCH = YES;
				COPY_PHASE_STRIP = NO;
				DEBUG_INFORMATION_FORMAT = dwarf;
				ENABLE_STRICT_OBJC_MSGSEND = YES;
				ENABLE_TESTABILITY = YES;
				GCC_C_LANGUAGE_STANDARD = gnu11;
				GCC_DYNAMIC_NO_PIC = NO;
				GCC_NO_COMMON_BLOCKS = YES;
				GCC_OPTIMIZATION_LEVEL = 0;
				GCC_PREPROCESSOR_DEFINITIONS = (
					"DEBUG=1",
					"$(inherited)",
				);
				GCC_WARN_64_TO_32_BIT_CONVERSION = YES;
				GCC_WARN_ABOUT_RETURN_TYPE = YES_ERROR;
				GCC_WARN_UNDECLARED_SELECTOR = YES;
				GCC_WARN_UNINITIALIZED_AUTOS = YES_AGGRESSIVE;
				GCC_WARN_UNUSED_FUNCTION = YES;
				GCC_WARN_UNUSED_VARIABLE = YES;
				IPHONEOS_DEPLOYMENT_TARGET = 13.0;
				MTL_ENABLE_DEBUG_INFO = INCLUDE_SOURCE;
				MTL_FAST_MATH = YES;
				ONLY_ACTIVE_ARCH = YES;
				SDKROOT = iphoneos;
				SWIFT_ACTIVE_COMPILATION_CONDITIONS = DEBUG;
				SWIFT_OPTIMIZATION_LEVEL = "-Onone";
			};
			name = Debug;
		};
		609A16AA2A9C8A9000139CAA /* Release */ = {
			isa = XCBuildConfiguration;
			buildSettings = {
				ALWAYS_SEARCH_USER_PATHS = NO;
				CLANG_ANALYZER_NONNULL = YES;
				CLANG_ANALYZER_NUMBER_OBJECT_CONVERSION = YES_AGGRESSIVE;
				CLANG_CXX_LANGUAGE_STANDARD = "gnu++20";
				CLANG_ENABLE_MODULES = YES;
				CLANG_ENABLE_OBJC_ARC = YES;
				CLANG_ENABLE_OBJC_WEAK = YES;
				CLANG_WARN_BLOCK_CAPTURE_AUTORELEASING = YES;
				CLANG_WARN_BOOL_CONVERSION = YES;
				CLANG_WARN_COMMA = YES;
				CLANG_WARN_CONSTANT_CONVERSION = YES;
				CLANG_WARN_DEPRECATED_OBJC_IMPLEMENTATIONS = YES;
				CLANG_WARN_DIRECT_OBJC_ISA_USAGE = YES_ERROR;
				CLANG_WARN_DOCUMENTATION_COMMENTS = YES;
				CLANG_WARN_EMPTY_BODY = YES;
				CLANG_WARN_ENUM_CONVERSION = YES;
				CLANG_WARN_INFINITE_RECURSION = YES;
				CLANG_WARN_INT_CONVERSION = YES;
				CLANG_WARN_NON_LITERAL_NULL_CONVERSION = YES;
				CLANG_WARN_OBJC_IMPLICIT_RETAIN_SELF = YES;
				CLANG_WARN_OBJC_LITERAL_CONVERSION = YES;
				CLANG_WARN_OBJC_ROOT_CLASS = YES_ERROR;
				CLANG_WARN_QUOTED_INCLUDE_IN_FRAMEWORK_HEADER = YES;
				CLANG_WARN_RANGE_LOOP_ANALYSIS = YES;
				CLANG_WARN_STRICT_PROTOTYPES = YES;
				CLANG_WARN_SUSPICIOUS_MOVE = YES;
				CLANG_WARN_UNGUARDED_AVAILABILITY = YES_AGGRESSIVE;
				CLANG_WARN_UNREACHABLE_CODE = YES;
				CLANG_WARN__DUPLICATE_METHOD_MATCH = YES;
				COPY_PHASE_STRIP = NO;
				DEBUG_INFORMATION_FORMAT = "dwarf-with-dsym";
				ENABLE_NS_ASSERTIONS = NO;
				ENABLE_STRICT_OBJC_MSGSEND = YES;
				GCC_C_LANGUAGE_STANDARD = gnu11;
				GCC_NO_COMMON_BLOCKS = YES;
				GCC_WARN_64_TO_32_BIT_CONVERSION = YES;
				GCC_WARN_ABOUT_RETURN_TYPE = YES_ERROR;
				GCC_WARN_UNDECLARED_SELECTOR = YES;
				GCC_WARN_UNINITIALIZED_AUTOS = YES_AGGRESSIVE;
				GCC_WARN_UNUSED_FUNCTION = YES;
				GCC_WARN_UNUSED_VARIABLE = YES;
				IPHONEOS_DEPLOYMENT_TARGET = 13.0;
				MTL_ENABLE_DEBUG_INFO = NO;
				MTL_FAST_MATH = YES;
				SDKROOT = iphoneos;
				SWIFT_COMPILATION_MODE = wholemodule;
				SWIFT_OPTIMIZATION_LEVEL = "-O";
				VALIDATE_PRODUCT = YES;
			};
			name = Release;
		};
		609A16AC2A9C8A9000139CAA /* Debug */ = {
			isa = XCBuildConfiguration;
			buildSettings = {
				ASSETCATALOG_COMPILER_APPICON_NAME = AppIcon;
				ASSETCATALOG_COMPILER_GLOBAL_ACCENT_COLOR_NAME = AccentColor;
				CODE_SIGN_STYLE = Automatic;
				CURRENT_PROJECT_VERSION = 1;
				DEVELOPMENT_TEAM = YJAYR537NZ;
				GENERATE_INFOPLIST_FILE = YES;
				INFOPLIST_FILE = ImageFeed/Resources/Info.plist;
				INFOPLIST_KEY_UIApplicationSupportsIndirectInputEvents = YES;
				INFOPLIST_KEY_UILaunchStoryboardName = LaunchScreen;
				INFOPLIST_KEY_UIMainStoryboardFile = Main;
				INFOPLIST_KEY_UISupportedInterfaceOrientations_iPhone = UIInterfaceOrientationPortrait;
				IPHONEOS_DEPLOYMENT_TARGET = 13.0;
				LD_RUNPATH_SEARCH_PATHS = (
					"$(inherited)",
					"@executable_path/Frameworks",
				);
				MARKETING_VERSION = 1.0;
				PRODUCT_BUNDLE_IDENTIFIER = ru.yandex.practicum.ImageFeed;
				PRODUCT_NAME = "$(TARGET_NAME)";
				SUPPORTED_PLATFORMS = "iphoneos iphonesimulator";
				SUPPORTS_MACCATALYST = NO;
				SUPPORTS_MAC_DESIGNED_FOR_IPHONE_IPAD = NO;
				SWIFT_EMIT_LOC_STRINGS = YES;
				SWIFT_VERSION = 5.0;
				TARGETED_DEVICE_FAMILY = 1;
			};
			name = Debug;
		};
		609A16AD2A9C8A9000139CAA /* Release */ = {
			isa = XCBuildConfiguration;
			buildSettings = {
				ASSETCATALOG_COMPILER_APPICON_NAME = AppIcon;
				ASSETCATALOG_COMPILER_GLOBAL_ACCENT_COLOR_NAME = AccentColor;
				CODE_SIGN_STYLE = Automatic;
				CURRENT_PROJECT_VERSION = 1;
				DEVELOPMENT_TEAM = YJAYR537NZ;
				GENERATE_INFOPLIST_FILE = YES;
				INFOPLIST_FILE = ImageFeed/Resources/Info.plist;
				INFOPLIST_KEY_UIApplicationSupportsIndirectInputEvents = YES;
				INFOPLIST_KEY_UILaunchStoryboardName = LaunchScreen;
				INFOPLIST_KEY_UIMainStoryboardFile = Main;
				INFOPLIST_KEY_UISupportedInterfaceOrientations_iPhone = UIInterfaceOrientationPortrait;
				IPHONEOS_DEPLOYMENT_TARGET = 13.0;
				LD_RUNPATH_SEARCH_PATHS = (
					"$(inherited)",
					"@executable_path/Frameworks",
				);
				MARKETING_VERSION = 1.0;
				PRODUCT_BUNDLE_IDENTIFIER = ru.yandex.practicum.ImageFeed;
				PRODUCT_NAME = "$(TARGET_NAME)";
				SUPPORTED_PLATFORMS = "iphoneos iphonesimulator";
				SUPPORTS_MACCATALYST = NO;
				SUPPORTS_MAC_DESIGNED_FOR_IPHONE_IPAD = NO;
				SWIFT_EMIT_LOC_STRINGS = YES;
				SWIFT_VERSION = 5.0;
				TARGETED_DEVICE_FAMILY = 1;
			};
			name = Release;
		};
		609A16AF2A9C8A9000139CAA /* Debug */ = {
			isa = XCBuildConfiguration;
			buildSettings = {
				ALWAYS_EMBED_SWIFT_STANDARD_LIBRARIES = YES;
				BUNDLE_LOADER = "$(TEST_HOST)";
				CODE_SIGN_STYLE = Automatic;
				CURRENT_PROJECT_VERSION = 1;
				DEVELOPMENT_TEAM = YJAYR537NZ;
				GENERATE_INFOPLIST_FILE = YES;
				IPHONEOS_DEPLOYMENT_TARGET = 16.2;
				MARKETING_VERSION = 1.0;
				PRODUCT_BUNDLE_IDENTIFIER = ru.yandex.practicum.ImageFeedTests;
				PRODUCT_NAME = "$(TARGET_NAME)";
				SWIFT_EMIT_LOC_STRINGS = NO;
				SWIFT_VERSION = 5.0;
				TARGETED_DEVICE_FAMILY = "1,2";
				TEST_HOST = "$(BUILT_PRODUCTS_DIR)/ImageFeed.app/$(BUNDLE_EXECUTABLE_FOLDER_PATH)/ImageFeed";
			};
			name = Debug;
		};
		609A16B02A9C8A9000139CAA /* Release */ = {
			isa = XCBuildConfiguration;
			buildSettings = {
				ALWAYS_EMBED_SWIFT_STANDARD_LIBRARIES = YES;
				BUNDLE_LOADER = "$(TEST_HOST)";
				CODE_SIGN_STYLE = Automatic;
				CURRENT_PROJECT_VERSION = 1;
				DEVELOPMENT_TEAM = YJAYR537NZ;
				GENERATE_INFOPLIST_FILE = YES;
				IPHONEOS_DEPLOYMENT_TARGET = 16.2;
				MARKETING_VERSION = 1.0;
				PRODUCT_BUNDLE_IDENTIFIER = ru.yandex.practicum.ImageFeedTests;
				PRODUCT_NAME = "$(TARGET_NAME)";
				SWIFT_EMIT_LOC_STRINGS = NO;
				SWIFT_VERSION = 5.0;
				TARGETED_DEVICE_FAMILY = "1,2";
				TEST_HOST = "$(BUILT_PRODUCTS_DIR)/ImageFeed.app/$(BUNDLE_EXECUTABLE_FOLDER_PATH)/ImageFeed";
			};
			name = Release;
		};
		609A16B22A9C8A9000139CAA /* Debug */ = {
			isa = XCBuildConfiguration;
			buildSettings = {
				ALWAYS_EMBED_SWIFT_STANDARD_LIBRARIES = YES;
				CODE_SIGN_STYLE = Automatic;
				CURRENT_PROJECT_VERSION = 1;
				DEVELOPMENT_TEAM = YJAYR537NZ;
				GENERATE_INFOPLIST_FILE = YES;
				MARKETING_VERSION = 1.0;
				PRODUCT_BUNDLE_IDENTIFIER = ru.yandex.practicum.ImageFeedUITests;
				PRODUCT_NAME = "$(TARGET_NAME)";
				SWIFT_EMIT_LOC_STRINGS = NO;
				SWIFT_VERSION = 5.0;
				TARGETED_DEVICE_FAMILY = "1,2";
				TEST_TARGET_NAME = ImageFeed;
			};
			name = Debug;
		};
		609A16B32A9C8A9000139CAA /* Release */ = {
			isa = XCBuildConfiguration;
			buildSettings = {
				ALWAYS_EMBED_SWIFT_STANDARD_LIBRARIES = YES;
				CODE_SIGN_STYLE = Automatic;
				CURRENT_PROJECT_VERSION = 1;
				DEVELOPMENT_TEAM = YJAYR537NZ;
				GENERATE_INFOPLIST_FILE = YES;
				MARKETING_VERSION = 1.0;
				PRODUCT_BUNDLE_IDENTIFIER = ru.yandex.practicum.ImageFeedUITests;
				PRODUCT_NAME = "$(TARGET_NAME)";
				SWIFT_EMIT_LOC_STRINGS = NO;
				SWIFT_VERSION = 5.0;
				TARGETED_DEVICE_FAMILY = "1,2";
				TEST_TARGET_NAME = ImageFeed;
			};
			name = Release;
		};
/* End XCBuildConfiguration section */

/* Begin XCConfigurationList section */
		609A167C2A9C8A8E00139CAA /* Build configuration list for PBXProject "ImageFeed" */ = {
			isa = XCConfigurationList;
			buildConfigurations = (
				609A16A92A9C8A9000139CAA /* Debug */,
				609A16AA2A9C8A9000139CAA /* Release */,
			);
			defaultConfigurationIsVisible = 0;
			defaultConfigurationName = Release;
		};
		609A16AB2A9C8A9000139CAA /* Build configuration list for PBXNativeTarget "ImageFeed" */ = {
			isa = XCConfigurationList;
			buildConfigurations = (
				609A16AC2A9C8A9000139CAA /* Debug */,
				609A16AD2A9C8A9000139CAA /* Release */,
			);
			defaultConfigurationIsVisible = 0;
			defaultConfigurationName = Release;
		};
		609A16AE2A9C8A9000139CAA /* Build configuration list for PBXNativeTarget "ImageFeedTests" */ = {
			isa = XCConfigurationList;
			buildConfigurations = (
				609A16AF2A9C8A9000139CAA /* Debug */,
				609A16B02A9C8A9000139CAA /* Release */,
			);
			defaultConfigurationIsVisible = 0;
			defaultConfigurationName = Release;
		};
		609A16B12A9C8A9000139CAA /* Build configuration list for PBXNativeTarget "ImageFeedUITests" */ = {
			isa = XCConfigurationList;
			buildConfigurations = (
				609A16B22A9C8A9000139CAA /* Debug */,
				609A16B32A9C8A9000139CAA /* Release */,
			);
			defaultConfigurationIsVisible = 0;
			defaultConfigurationName = Release;
		};
/* End XCConfigurationList section */
	};
	rootObject = 609A16792A9C8A8E00139CAA /* Project object */;
}
